{
  "lockfile_version": "1",
  "packages": {
    "act@latest": {
      "last_modified": "2025-12-04T13:50:22Z",
      "resolved": "github:NixOS/nixpkgs/ece6e266caf1effab32eceef0403b797b4330373#act",
      "source": "devbox-search",
      "version": "0.2.83",
      "systems": {
        "aarch64-darwin": {
          "outputs": [
            {
              "name": "out",
              "path": "/nix/store/0h12cifvnbm3bl4qh2qc4cj2wvqks8g7-act-0.2.83",
              "default": true
            }
          ],
          "store_path": "/nix/store/0h12cifvnbm3bl4qh2qc4cj2wvqks8g7-act-0.2.83"
        },
        "aarch64-linux": {
          "outputs": [
            {
              "name": "out",
              "path": "/nix/store/zy815icv3a4wj9kwwfwig9i1brlpk6hd-act-0.2.83",
              "default": true
            }
          ],
          "store_path": "/nix/store/zy815icv3a4wj9kwwfwig9i1brlpk6hd-act-0.2.83"
        },
        "x86_64-darwin": {
          "outputs": [
            {
              "name": "out",
              "path": "/nix/store/jkcrk2w6mq5mjjr1l0rnvf5nllz5di65-act-0.2.83",
              "default": true
            }
          ],
          "store_path": "/nix/store/jkcrk2w6mq5mjjr1l0rnvf5nllz5di65-act-0.2.83"
        },
        "x86_64-linux": {
          "outputs": [
            {
              "name": "out",
              "path": "/nix/store/hbps5ykwhy0m772c4gyh1g3xkbb6ac86-act-0.2.83",
              "default": true
            }
          ],
          "store_path": "/nix/store/hbps5ykwhy0m772c4gyh1g3xkbb6ac86-act-0.2.83"
        }
      }
    },
    "envsubst@latest": {
      "last_modified": "2025-11-23T21:50:36Z",
      "resolved": "github:NixOS/nixpkgs/ee09932cedcef15aaf476f9343d1dea2cb77e261#envsubst",
      "source": "devbox-search",
      "version": "1.4.3",
      "systems": {
        "aarch64-darwin": {
          "outputs": [
            {
              "name": "out",
              "path": "/nix/store/d9wsfs7pkq2iwscclrq3hqng470phyq0-envsubst-1.4.3",
              "default": true
            }
          ],
          "store_path": "/nix/store/d9wsfs7pkq2iwscclrq3hqng470phyq0-envsubst-1.4.3"
        },
        "aarch64-linux": {
          "outputs": [
            {
              "name": "out",
              "path": "/nix/store/qdvjrnp7z34am0jrkps5nhaj5f46jwkx-envsubst-1.4.3",
              "default": true
            }
          ],
          "store_path": "/nix/store/qdvjrnp7z34am0jrkps5nhaj5f46jwkx-envsubst-1.4.3"
        },
        "x86_64-darwin": {
          "outputs": [
            {
              "name": "out",
              "path": "/nix/store/37glpllfqwgbpxvv9s6p2r0902w5dvn8-envsubst-1.4.3",
              "default": true
            }
          ],
          "store_path": "/nix/store/37glpllfqwgbpxvv9s6p2r0902w5dvn8-envsubst-1.4.3"
        },
        "x86_64-linux": {
          "outputs": [
            {
              "name": "out",
              "path": "/nix/store/bf47nl3ad3f123kj1v8lvykxnh2x10n3-envsubst-1.4.3",
              "default": true
            }
          ],
          "store_path": "/nix/store/bf47nl3ad3f123kj1v8lvykxnh2x10n3-envsubst-1.4.3"
        }
      }
    },
    "gh@latest": {
      "last_modified": "2025-12-11T04:04:52Z",
      "resolved": "github:NixOS/nixpkgs/5d6bdbddb4695a62f0d00a3620b37a15275a5093#gh",
      "source": "devbox-search",
      "version": "2.83.2",
      "systems": {
        "aarch64-darwin": {
          "outputs": [
            {
              "name": "out",
              "path": "/nix/store/v09g9zh0bwfjrfcq81k167jk8fnaql4x-gh-2.83.2",
              "default": true
            }
          ],
          "store_path": "/nix/store/v09g9zh0bwfjrfcq81k167jk8fnaql4x-gh-2.83.2"
        },
        "aarch64-linux": {
          "outputs": [
            {
              "name": "out",
              "path": "/nix/store/8a3gc9smfgmimvvsgjncij1p3hrkbycq-gh-2.83.2",
              "default": true
            }
          ],
          "store_path": "/nix/store/8a3gc9smfgmimvvsgjncij1p3hrkbycq-gh-2.83.2"
        },
        "x86_64-darwin": {
          "outputs": [
            {
              "name": "out",
              "path": "/nix/store/cc4glclba1gffbxddd8vyyh8k69c145w-gh-2.83.2",
              "default": true
            }
          ],
          "store_path": "/nix/store/cc4glclba1gffbxddd8vyyh8k69c145w-gh-2.83.2"
        },
        "x86_64-linux": {
          "outputs": [
            {
              "name": "out",
              "path": "/nix/store/1ga8sgks3i0iwdl33aazgql8gfsxnqjc-gh-2.83.2",
              "default": true
            }
          ],
          "store_path": "/nix/store/1ga8sgks3i0iwdl33aazgql8gfsxnqjc-gh-2.83.2"
        }
      }
    },
    "github:NixOS/nixpkgs/nixpkgs-unstable": {
      "last_modified": "2025-12-27T12:56:01Z",
      "resolved": "github:NixOS/nixpkgs/3edc4a30ed3903fdf6f90c837f961fa6b49582d1?lastModified=1766840161&narHash=sha256-Ss%2FLHpJJsng8vz1Pe33RSGIWUOcqM1fjrehjUkdrWio%3D"
    },
    "go-task@latest": {
      "last_modified": "2025-11-23T21:50:36Z",
      "resolved": "github:NixOS/nixpkgs/ee09932cedcef15aaf476f9343d1dea2cb77e261#go-task",
      "source": "devbox-search",
      "version": "3.45.5",
      "systems": {
        "aarch64-darwin": {
          "outputs": [
            {
              "name": "out",
              "path": "/nix/store/hq2nfh8sndri3x4z4k1j9g9wk6l0kp5q-go-task-3.45.5",
              "default": true
            }
          ],
          "store_path": "/nix/store/hq2nfh8sndri3x4z4k1j9g9wk6l0kp5q-go-task-3.45.5"
        },
        "aarch64-linux": {
          "outputs": [
            {
              "name": "out",
              "path": "/nix/store/4ac3xjjbvapdifhzqn3cj012b685bysi-go-task-3.45.5",
              "default": true
            }
          ],
          "store_path": "/nix/store/4ac3xjjbvapdifhzqn3cj012b685bysi-go-task-3.45.5"
        },
        "x86_64-darwin": {
          "outputs": [
            {
              "name": "out",
              "path": "/nix/store/57gnc0hahiawf2dmiiy6z6kxmaq2a41m-go-task-3.45.5",
              "default": true
            }
          ],
          "store_path": "/nix/store/57gnc0hahiawf2dmiiy6z6kxmaq2a41m-go-task-3.45.5"
        },
        "x86_64-linux": {
          "outputs": [
            {
              "name": "out",
              "path": "/nix/store/8j7jr4fpjlmbcyb1crr8gy00z8d768vm-go-task-3.45.5",
              "default": true
            }
          ],
          "store_path": "/nix/store/8j7jr4fpjlmbcyb1crr8gy00z8d768vm-go-task-3.45.5"
        }
      }
    },
    "go@latest": {
      "last_modified": "2025-11-23T21:50:36Z",
      "resolved": "github:NixOS/nixpkgs/ee09932cedcef15aaf476f9343d1dea2cb77e261#go",
      "source": "devbox-search",
      "version": "1.25.4",
      "systems": {
        "aarch64-darwin": {
          "outputs": [
            {
              "name": "out",
              "path": "/nix/store/52f5kjcmgmvgrz3rij676b3rjmgg5l5g-go-1.25.4",
              "default": true
            }
          ],
          "store_path": "/nix/store/52f5kjcmgmvgrz3rij676b3rjmgg5l5g-go-1.25.4"
        },
        "aarch64-linux": {
          "outputs": [
            {
              "name": "out",
              "path": "/nix/store/2ajrlmz1qdpm9k9ankhnp3973wxg1gqs-go-1.25.4",
              "default": true
            }
          ],
          "store_path": "/nix/store/2ajrlmz1qdpm9k9ankhnp3973wxg1gqs-go-1.25.4"
        },
        "x86_64-darwin": {
          "outputs": [
            {
              "name": "out",
              "path": "/nix/store/1rqpvp45rl4sr1l0czrlbmv8jqj9sa7r-go-1.25.4",
              "default": true
            }
          ],
          "store_path": "/nix/store/1rqpvp45rl4sr1l0czrlbmv8jqj9sa7r-go-1.25.4"
        },
        "x86_64-linux": {
          "outputs": [
            {
              "name": "out",
              "path": "/nix/store/0a3dyfq09dnkw28ap2i450wjimvdmv6s-go-1.25.4",
              "default": true
            }
          ],
          "store_path": "/nix/store/0a3dyfq09dnkw28ap2i450wjimvdmv6s-go-1.25.4"
        }
      }
    },
    "gum@latest": {
      "last_modified": "2025-11-23T21:50:36Z",
      "resolved": "github:NixOS/nixpkgs/ee09932cedcef15aaf476f9343d1dea2cb77e261#gum",
      "source": "devbox-search",
      "version": "0.17.0",
      "systems": {
        "aarch64-darwin": {
          "outputs": [
            {
              "name": "out",
              "path": "/nix/store/rpj06p0p66g1644iph4hz5bc2pb881mc-gum-0.17.0",
              "default": true
            }
          ],
          "store_path": "/nix/store/rpj06p0p66g1644iph4hz5bc2pb881mc-gum-0.17.0"
        },
        "aarch64-linux": {
          "outputs": [
            {
              "name": "out",
              "path": "/nix/store/r349n4jjvw190ayfcqb6s17hmjbslmk6-gum-0.17.0",
              "default": true
            }
          ],
          "store_path": "/nix/store/r349n4jjvw190ayfcqb6s17hmjbslmk6-gum-0.17.0"
        },
        "x86_64-darwin": {
          "outputs": [
            {
              "name": "out",
              "path": "/nix/store/f598g2fggah67vk41srma5ii2h651d1s-gum-0.17.0",
              "default": true
            }
          ],
          "store_path": "/nix/store/f598g2fggah67vk41srma5ii2h651d1s-gum-0.17.0"
        },
        "x86_64-linux": {
          "outputs": [
            {
              "name": "out",
              "path": "/nix/store/j92y0a4ymgnaj3h011mi174vczbw1iak-gum-0.17.0",
              "default": true
            }
          ],
          "store_path": "/nix/store/j92y0a4ymgnaj3h011mi174vczbw1iak-gum-0.17.0"
        }
      }
    },
    "jq@latest": {
      "last_modified": "2025-12-29T08:23:14Z",
      "resolved": "github:NixOS/nixpkgs/0744ef1b047f07d31d9962d757ffe38ec14a4d41#jq",
      "source": "devbox-search",
      "version": "1.8.1",
      "systems": {
        "aarch64-darwin": {
          "outputs": [
            {
              "name": "bin",
              "path": "/nix/store/4hy1mm43nvmjpnyfsa80csbsg4wd8691-jq-1.8.1-bin",
              "default": true
            },
            {
              "name": "man",
              "path": "/nix/store/054063ybv64v877qmqd55pl68hri679w-jq-1.8.1-man",
              "default": true
            },
            {
              "name": "out",
              "path": "/nix/store/an0a5rm99xsaj4pqfnlwsnc288rb4chm-jq-1.8.1"
            },
            {
              "name": "dev",
              "path": "/nix/store/1l5dl9d9mcpm7i0r5bhb23xczlfd2i0i-jq-1.8.1-dev"
            },
            {
              "name": "doc",
              "path": "/nix/store/baidiqpr2sqdv59asy5a3gajpfn8sqig-jq-1.8.1-doc"
            }
          ],
          "store_path": "/nix/store/4hy1mm43nvmjpnyfsa80csbsg4wd8691-jq-1.8.1-bin"
        },
        "aarch64-linux": {
          "outputs": [
            {
              "name": "bin",
              "path": "/nix/store/3rmzb92a65vp55dmmzmh2qygq5wkdmb8-jq-1.8.1-bin",
              "default": true
            },
            {
              "name": "man",
              "path": "/nix/store/44gwjhi00hwkpy0csxjnm1h5zcsbvymw-jq-1.8.1-man",
              "default": true
            },
            {
              "name": "dev",
              "path": "/nix/store/xqy22d0ny10bcsczlgg02ni5lgp5zjc8-jq-1.8.1-dev"
            },
            {
              "name": "doc",
              "path": "/nix/store/36zp3bh3q76jq8pix9g9j54v36ddz20n-jq-1.8.1-doc"
            },
            {
              "name": "out",
              "path": "/nix/store/h7qs29xm3i5zq058g0r0a0f8qzwfwpfv-jq-1.8.1"
            }
          ],
          "store_path": "/nix/store/3rmzb92a65vp55dmmzmh2qygq5wkdmb8-jq-1.8.1-bin"
        },
        "x86_64-darwin": {
          "outputs": [
            {
              "name": "bin",
              "path": "/nix/store/0kz2h1wisnvpmavfra6n8fi0x2brhfg6-jq-1.8.1-bin",
              "default": true
            },
            {
              "name": "man",
              "path": "/nix/store/8xvsm6pzpya6jc3vfmxagxj46iz9hix9-jq-1.8.1-man",
              "default": true
            },
            {
              "name": "dev",
              "path": "/nix/store/w96fml250mbz0p0an0f7p6zfblrpz0pn-jq-1.8.1-dev"
            },
            {
              "name": "doc",
              "path": "/nix/store/k388l1qgp6dcn80njl1by9x5i2jy8i0m-jq-1.8.1-doc"
            },
            {
              "name": "out",
              "path": "/nix/store/30wa9jl18hjfi5756chyg4kl1164d5wk-jq-1.8.1"
            }
          ],
          "store_path": "/nix/store/0kz2h1wisnvpmavfra6n8fi0x2brhfg6-jq-1.8.1-bin"
        },
        "x86_64-linux": {
          "outputs": [
            {
              "name": "bin",
              "path": "/nix/store/qvbwz06cqra3cmlra40v0adw75j6j7wm-jq-1.8.1-bin",
              "default": true
            },
            {
              "name": "man",
              "path": "/nix/store/6wpy08grkd8315ad3wsx8dd92cx5n26z-jq-1.8.1-man",
              "default": true
            },
            {
              "name": "out",
              "path": "/nix/store/gs6yqc24w093xsnnz3kkhls8jz7pnffy-jq-1.8.1"
            },
            {
              "name": "dev",
              "path": "/nix/store/jq07r49vk5wa10a1kk2y87nwbbl62qxz-jq-1.8.1-dev"
            },
            {
              "name": "doc",
              "path": "/nix/store/brd1gvvbq8bblpbizmyjhsfwr7nlmvyq-jq-1.8.1-doc"
            }
          ],
          "store_path": "/nix/store/qvbwz06cqra3cmlra40v0adw75j6j7wm-jq-1.8.1-bin"
        }
      }
    },
    "k9s@latest": {
      "last_modified": "2025-11-23T21:50:36Z",
      "resolved": "github:NixOS/nixpkgs/ee09932cedcef15aaf476f9343d1dea2cb77e261#k9s",
      "source": "devbox-search",
      "version": "0.50.16",
      "systems": {
        "aarch64-darwin": {
          "outputs": [
            {
              "name": "out",
              "path": "/nix/store/7w9y9pw23xy1g6lahacdqalkflf2b713-k9s-0.50.16",
              "default": true
            }
          ],
          "store_path": "/nix/store/7w9y9pw23xy1g6lahacdqalkflf2b713-k9s-0.50.16"
        },
        "aarch64-linux": {
          "outputs": [
            {
              "name": "out",
              "path": "/nix/store/lp85svzq5n4xl3v18jmi0sga1glkbx47-k9s-0.50.16",
              "default": true
            }
          ],
          "store_path": "/nix/store/lp85svzq5n4xl3v18jmi0sga1glkbx47-k9s-0.50.16"
        },
        "x86_64-darwin": {
          "outputs": [
            {
              "name": "out",
              "path": "/nix/store/bjzs9wn700s1mkh9qmydvvr4n21xav5r-k9s-0.50.16",
              "default": true
            }
          ],
          "store_path": "/nix/store/bjzs9wn700s1mkh9qmydvvr4n21xav5r-k9s-0.50.16"
        },
        "x86_64-linux": {
          "outputs": [
            {
              "name": "out",
              "path": "/nix/store/b31w4n54rbhgzzh21xyrkag0i8ipqz2h-k9s-0.50.16",
              "default": true
            }
          ],
          "store_path": "/nix/store/b31w4n54rbhgzzh21xyrkag0i8ipqz2h-k9s-0.50.16"
        }
      }
    },
    "kind@latest": {
      "last_modified": "2025-12-27T03:48:10Z",
      "resolved": "github:NixOS/nixpkgs/4eec65df50d796a8fd9c146a09b5007916ce376b#kind",
      "source": "devbox-search",
      "version": "0.31.0",
      "systems": {
        "aarch64-darwin": {
          "outputs": [
            {
              "name": "out",
              "path": "/nix/store/0481jp5p025qg4w6nvgljf5dfnjv7zp5-kind-0.31.0",
              "default": true
            }
          ],
          "store_path": "/nix/store/0481jp5p025qg4w6nvgljf5dfnjv7zp5-kind-0.31.0"
        },
        "aarch64-linux": {
          "outputs": [
            {
              "name": "out",
              "path": "/nix/store/44rwlgmi57xkkrb359wbj2xzrsaclqfv-kind-0.31.0",
              "default": true
            }
          ],
          "store_path": "/nix/store/44rwlgmi57xkkrb359wbj2xzrsaclqfv-kind-0.31.0"
        },
        "x86_64-darwin": {
          "outputs": [
            {
              "name": "out",
              "path": "/nix/store/xdp8sz4jj8fg97aq3kngm7zj775hs9il-kind-0.31.0",
              "default": true
            }
          ],
          "store_path": "/nix/store/xdp8sz4jj8fg97aq3kngm7zj775hs9il-kind-0.31.0"
        },
        "x86_64-linux": {
          "outputs": [
            {
              "name": "out",
              "path": "/nix/store/m5zqwjnaymrfvgylvvsvppq1qz69zlam-kind-0.31.0",
              "default": true
            }
          ],
          "store_path": "/nix/store/m5zqwjnaymrfvgylvvsvppq1qz69zlam-kind-0.31.0"
        }
      }
    },
    "kluctl@latest": {
      "last_modified": "2025-11-23T21:50:36Z",
      "resolved": "github:NixOS/nixpkgs/ee09932cedcef15aaf476f9343d1dea2cb77e261#kluctl",
      "source": "devbox-search",
      "version": "2.27.0",
      "systems": {
        "aarch64-darwin": {
          "outputs": [
            {
              "name": "out",
              "path": "/nix/store/vwbczlydijaybjsi7mp6qdxzjwin9l2v-kluctl-2.27.0",
              "default": true
            }
          ],
          "store_path": "/nix/store/vwbczlydijaybjsi7mp6qdxzjwin9l2v-kluctl-2.27.0"
        },
        "aarch64-linux": {
          "outputs": [
            {
              "name": "out",
              "path": "/nix/store/jywd38xwlay34akhgq8mb32wcgdjx6fc-kluctl-2.27.0",
              "default": true
            }
          ],
          "store_path": "/nix/store/jywd38xwlay34akhgq8mb32wcgdjx6fc-kluctl-2.27.0"
        },
        "x86_64-darwin": {
          "outputs": [
            {
              "name": "out",
              "path": "/nix/store/hjqiaq7mmkps6ylmxfzgrlz58xp2g2g6-kluctl-2.27.0",
              "default": true
            }
          ],
          "store_path": "/nix/store/hjqiaq7mmkps6ylmxfzgrlz58xp2g2g6-kluctl-2.27.0"
        },
        "x86_64-linux": {
          "outputs": [
            {
              "name": "out",
              "path": "/nix/store/27nhsj0i5rxh84k02kdynmpf1r8wsxkd-kluctl-2.27.0",
              "default": true
            }
          ],
          "store_path": "/nix/store/27nhsj0i5rxh84k02kdynmpf1r8wsxkd-kluctl-2.27.0"
        }
      }
    },
    "ko@latest": {
      "last_modified": "2025-12-22T13:40:18Z",
      "resolved": "github:NixOS/nixpkgs/3a7affa77a5a539afa1c7859e2c31abdb1aeadf3#ko",
      "source": "devbox-search",
      "version": "0.18.1",
      "systems": {
        "aarch64-darwin": {
          "outputs": [
            {
              "name": "out",
              "path": "/nix/store/xaar0vzg2nq3fql1asja3vlmvsxs256r-ko-0.18.1",
              "default": true
            }
          ],
          "store_path": "/nix/store/xaar0vzg2nq3fql1asja3vlmvsxs256r-ko-0.18.1"
        },
        "aarch64-linux": {
          "outputs": [
            {
              "name": "out",
              "path": "/nix/store/47gjp9vrm5ckpw8xk6k65y7rghpfa5fn-ko-0.18.1",
              "default": true
            }
          ],
          "store_path": "/nix/store/47gjp9vrm5ckpw8xk6k65y7rghpfa5fn-ko-0.18.1"
        },
        "x86_64-darwin": {
          "outputs": [
            {
              "name": "out",
              "path": "/nix/store/07rd7zwqgbd2yq4wvjp73vmr4kxh56q3-ko-0.18.1",
              "default": true
            }
          ],
          "store_path": "/nix/store/07rd7zwqgbd2yq4wvjp73vmr4kxh56q3-ko-0.18.1"
        },
        "x86_64-linux": {
          "outputs": [
            {
              "name": "out",
              "path": "/nix/store/bc1wfnnxzlqjf52iim45zi5fqq0bdmc4-ko-0.18.1",
              "default": true
            }
          ],
          "store_path": "/nix/store/bc1wfnnxzlqjf52iim45zi5fqq0bdmc4-ko-0.18.1"
        }
      }
    },
    "kubectl@latest": {
      "last_modified": "2025-12-16T16:49:59Z",
      "resolved": "github:NixOS/nixpkgs/e8d16d2186d6ed9f047eb30948e97e7e01886d10#kubectl",
      "source": "devbox-search",
      "version": "1.34.3",
      "systems": {
        "aarch64-darwin": {
          "outputs": [
            {
              "name": "out",
              "path": "/nix/store/wh7x3h048nvpnz9iv8m2wff57rcbns4h-kubectl-1.34.3",
              "default": true
            },
            {
              "name": "man",
              "path": "/nix/store/0z1gk04zvcpy5zm43j42p9sxdkx9gsap-kubectl-1.34.3-man",
              "default": true
            },
            {
              "name": "convert",
              "path": "/nix/store/sgjynqwjc1bzd9j90x50l1f4k8av0q7y-kubectl-1.34.3-convert"
            }
          ],
          "store_path": "/nix/store/wh7x3h048nvpnz9iv8m2wff57rcbns4h-kubectl-1.34.3"
        },
        "aarch64-linux": {
          "outputs": [
            {
              "name": "out",
              "path": "/nix/store/sm68c4d3gg7sch2fpa3ilmlxilqm9525-kubectl-1.34.3",
              "default": true
            },
            {
              "name": "man",
              "path": "/nix/store/d1ld1hbv276y9342aq4wa3x1mjfsd0wq-kubectl-1.34.3-man",
              "default": true
            },
            {
              "name": "convert",
              "path": "/nix/store/2s84f8b0y40879v5vxarlg8h5i6whjab-kubectl-1.34.3-convert"
            }
          ],
          "store_path": "/nix/store/sm68c4d3gg7sch2fpa3ilmlxilqm9525-kubectl-1.34.3"
        },
        "x86_64-darwin": {
          "outputs": [
            {
              "name": "out",
              "path": "/nix/store/4rbd3ml1ibkbp41vp23p3712m5ziqcfm-kubectl-1.34.3",
              "default": true
            },
            {
              "name": "man",
              "path": "/nix/store/k83zqin5j3879l38dly5w4nfg536p170-kubectl-1.34.3-man",
              "default": true
            },
            {
              "name": "convert",
              "path": "/nix/store/r9dni0s5zc9hka7zbi36jglqlj3n7bgm-kubectl-1.34.3-convert"
            }
          ],
          "store_path": "/nix/store/4rbd3ml1ibkbp41vp23p3712m5ziqcfm-kubectl-1.34.3"
        },
        "x86_64-linux": {
          "outputs": [
            {
              "name": "out",
              "path": "/nix/store/589b0djk7wn3k3chyzp9a6wi6al95wn1-kubectl-1.34.3",
              "default": true
            },
            {
              "name": "man",
              "path": "/nix/store/sc5pab1b1hd20gpvk5rzj638wkgz0pvz-kubectl-1.34.3-man",
              "default": true
            },
            {
              "name": "convert",
              "path": "/nix/store/4cyp95klz5fvnfsizj2n93mfbhmg7v39-kubectl-1.34.3-convert"
            }
          ],
          "store_path": "/nix/store/589b0djk7wn3k3chyzp9a6wi6al95wn1-kubectl-1.34.3"
        }
      }
    },
    "kubectx@latest": {
      "last_modified": "2025-11-23T21:50:36Z",
      "resolved": "github:NixOS/nixpkgs/ee09932cedcef15aaf476f9343d1dea2cb77e261#kubectx",
      "source": "devbox-search",
      "version": "0.9.5",
      "systems": {
        "aarch64-darwin": {
          "outputs": [
            {
              "name": "out",
              "path": "/nix/store/5pvzpcd2nb99f441nrm82fl4xr38yrcs-kubectx-0.9.5",
              "default": true
            }
          ],
          "store_path": "/nix/store/5pvzpcd2nb99f441nrm82fl4xr38yrcs-kubectx-0.9.5"
        },
        "aarch64-linux": {
          "outputs": [
            {
              "name": "out",
              "path": "/nix/store/9zjr9airiiavl00hv9bdybaihk7lbjc6-kubectx-0.9.5",
              "default": true
            }
          ],
          "store_path": "/nix/store/9zjr9airiiavl00hv9bdybaihk7lbjc6-kubectx-0.9.5"
        },
        "x86_64-darwin": {
          "outputs": [
            {
              "name": "out",
              "path": "/nix/store/4c197wkchvzanp6sbv852r8azzj4zbg6-kubectx-0.9.5",
              "default": true
            }
          ],
          "store_path": "/nix/store/4c197wkchvzanp6sbv852r8azzj4zbg6-kubectx-0.9.5"
        },
        "x86_64-linux": {
          "outputs": [
            {
              "name": "out",
              "path": "/nix/store/r0pamkj0dd650x124gqvq5vn7cgh8sjz-kubectx-0.9.5",
              "default": true
            }
          ],
          "store_path": "/nix/store/r0pamkj0dd650x124gqvq5vn7cgh8sjz-kubectx-0.9.5"
        }
      }
    },
    "kubent@latest": {
      "last_modified": "2025-11-23T21:50:36Z",
      "resolved": "github:NixOS/nixpkgs/ee09932cedcef15aaf476f9343d1dea2cb77e261#kubent",
      "source": "devbox-search",
      "version": "0.7.3",
      "systems": {
        "aarch64-darwin": {
          "outputs": [
            {
              "name": "out",
              "path": "/nix/store/5clv54h6266vraimnm94vvd54l6x253v-kubent-0.7.3",
              "default": true
            }
          ],
          "store_path": "/nix/store/5clv54h6266vraimnm94vvd54l6x253v-kubent-0.7.3"
        },
        "aarch64-linux": {
          "outputs": [
            {
              "name": "out",
              "path": "/nix/store/lwb823ldy6bvav4smkad6190niy82ykx-kubent-0.7.3",
              "default": true
            }
          ],
          "store_path": "/nix/store/lwb823ldy6bvav4smkad6190niy82ykx-kubent-0.7.3"
        },
        "x86_64-darwin": {
          "outputs": [
            {
              "name": "out",
              "path": "/nix/store/qi202hvg9s9v47qw26sl60mb7mr1kk84-kubent-0.7.3",
              "default": true
            }
          ],
          "store_path": "/nix/store/qi202hvg9s9v47qw26sl60mb7mr1kk84-kubent-0.7.3"
        },
        "x86_64-linux": {
          "outputs": [
            {
              "name": "out",
              "path": "/nix/store/9bzwfgjyvqxl65wbx88pfg1zqv7c7s08-kubent-0.7.3",
              "default": true
            }
          ],
          "store_path": "/nix/store/9bzwfgjyvqxl65wbx88pfg1zqv7c7s08-kubent-0.7.3"
        }
      }
    },
    "kubernetes-helm@latest": {
      "last_modified": "2025-11-23T21:50:36Z",
      "resolved": "github:NixOS/nixpkgs/ee09932cedcef15aaf476f9343d1dea2cb77e261#kubernetes-helm",
      "source": "devbox-search",
      "version": "3.19.1",
      "systems": {
        "aarch64-darwin": {
          "outputs": [
            {
              "name": "out",
              "path": "/nix/store/xx21h4bmbmhncdlhw5q7gp3wx50x0y5g-kubernetes-helm-3.19.1",
              "default": true
            }
          ],
          "store_path": "/nix/store/xx21h4bmbmhncdlhw5q7gp3wx50x0y5g-kubernetes-helm-3.19.1"
        },
        "aarch64-linux": {
          "outputs": [
            {
              "name": "out",
              "path": "/nix/store/s702f0l23v078mm6jkrbc7bx0qpjrzwm-kubernetes-helm-3.19.1",
              "default": true
            }
          ],
          "store_path": "/nix/store/s702f0l23v078mm6jkrbc7bx0qpjrzwm-kubernetes-helm-3.19.1"
        },
        "x86_64-darwin": {
          "outputs": [
            {
              "name": "out",
              "path": "/nix/store/z2is6ibqddfxx8mb1hybly00hb902h85-kubernetes-helm-3.19.1",
              "default": true
            }
          ],
          "store_path": "/nix/store/z2is6ibqddfxx8mb1hybly00hb902h85-kubernetes-helm-3.19.1"
        },
        "x86_64-linux": {
          "outputs": [
            {
              "name": "out",
              "path": "/nix/store/b7g7s0jpfs93g7s1b556166mcswbkmcx-kubernetes-helm-3.19.1",
              "default": true
            }
          ],
          "store_path": "/nix/store/b7g7s0jpfs93g7s1b556166mcswbkmcx-kubernetes-helm-3.19.1"
        }
      }
    },
    "kustomize@latest": {
      "last_modified": "2025-11-23T21:50:36Z",
      "resolved": "github:NixOS/nixpkgs/ee09932cedcef15aaf476f9343d1dea2cb77e261#kustomize",
      "source": "devbox-search",
      "version": "5.8.0",
      "systems": {
        "aarch64-darwin": {
          "outputs": [
            {
              "name": "out",
              "path": "/nix/store/bfpk7qk50w5p8zxal5v9xxw26wsx1xp4-kustomize-5.8.0",
              "default": true
            }
          ],
          "store_path": "/nix/store/bfpk7qk50w5p8zxal5v9xxw26wsx1xp4-kustomize-5.8.0"
        },
        "aarch64-linux": {
          "outputs": [
            {
              "name": "out",
              "path": "/nix/store/771gd7nr0v7wb47ap90k4ig0mzb9cqdk-kustomize-5.8.0",
              "default": true
            }
          ],
          "store_path": "/nix/store/771gd7nr0v7wb47ap90k4ig0mzb9cqdk-kustomize-5.8.0"
        },
        "x86_64-darwin": {
          "outputs": [
            {
              "name": "out",
              "path": "/nix/store/l46dlgypv437c599870klhqwf3d7i63j-kustomize-5.8.0",
              "default": true
            }
          ],
          "store_path": "/nix/store/l46dlgypv437c599870klhqwf3d7i63j-kustomize-5.8.0"
        },
        "x86_64-linux": {
          "outputs": [
            {
              "name": "out",
              "path": "/nix/store/wa0z5dbcpm2zr2d51dn4ggngvvh17pk3-kustomize-5.8.0",
              "default": true
            }
          ],
          "store_path": "/nix/store/wa0z5dbcpm2zr2d51dn4ggngvvh17pk3-kustomize-5.8.0"
        }
      }
    },
    "oras@latest": {
      "last_modified": "2025-11-23T21:50:36Z",
      "resolved": "github:NixOS/nixpkgs/ee09932cedcef15aaf476f9343d1dea2cb77e261#oras",
      "source": "devbox-search",
      "version": "1.3.0",
      "systems": {
        "aarch64-darwin": {
          "outputs": [
            {
              "name": "out",
              "path": "/nix/store/96lkm9gj4wv9a3d547aj7lm30d175cf2-oras-1.3.0",
              "default": true
            }
          ],
          "store_path": "/nix/store/96lkm9gj4wv9a3d547aj7lm30d175cf2-oras-1.3.0"
        },
        "aarch64-linux": {
          "outputs": [
            {
              "name": "out",
              "path": "/nix/store/wvkd5qmqpa4g2mm575f4alsw470zwkrm-oras-1.3.0",
              "default": true
            }
          ],
          "store_path": "/nix/store/wvkd5qmqpa4g2mm575f4alsw470zwkrm-oras-1.3.0"
        },
        "x86_64-darwin": {
          "outputs": [
            {
              "name": "out",
              "path": "/nix/store/nklbm9alqjz53ci5xhlq14fbw3p4vwqk-oras-1.3.0",
              "default": true
            }
          ],
          "store_path": "/nix/store/nklbm9alqjz53ci5xhlq14fbw3p4vwqk-oras-1.3.0"
        },
        "x86_64-linux": {
          "outputs": [
            {
              "name": "out",
              "path": "/nix/store/hd0w7zbfqliwc9565svsmmzvfz45cnjq-oras-1.3.0",
              "default": true
            }
          ],
          "store_path": "/nix/store/hd0w7zbfqliwc9565svsmmzvfz45cnjq-oras-1.3.0"
        }
      }
    },
    "procps": {
      "resolved": "github:NixOS/nixpkgs/3edc4a30ed3903fdf6f90c837f961fa6b49582d1?narHash=sha256-Ss%2FLHpJJsng8vz1Pe33RSGIWUOcqM1fjrehjUkdrWio%3D#procps",
      "source": "nixpkg"
    },
    "python310@latest": {
      "last_modified": "2025-11-23T21:50:36Z",
      "plugin_version": "0.0.4",
      "resolved": "github:NixOS/nixpkgs/ee09932cedcef15aaf476f9343d1dea2cb77e261#python310",
      "source": "devbox-search",
      "version": "3.10.19",
      "systems": {
        "aarch64-darwin": {
          "outputs": [
            {
              "name": "out",
              "path": "/nix/store/db2rr68gyw519rmh4zvv28r8p9sxaa7a-python3-3.10.19",
              "default": true
            }
          ],
          "store_path": "/nix/store/db2rr68gyw519rmh4zvv28r8p9sxaa7a-python3-3.10.19"
        },
        "aarch64-linux": {
          "outputs": [
            {
              "name": "out",
              "path": "/nix/store/9sa0k69qycnas1x1zlcc6dihfzfhicz5-python3-3.10.19",
              "default": true
            },
            {
              "name": "debug",
              "path": "/nix/store/7ymfhc5502s1d64lv72yh4zpaaph5p4a-python3-3.10.19-debug"
            }
          ],
          "store_path": "/nix/store/9sa0k69qycnas1x1zlcc6dihfzfhicz5-python3-3.10.19"
        },
        "x86_64-darwin": {
          "outputs": [
            {
              "name": "out",
              "path": "/nix/store/pwvfcg4v8jzxykkysiw03xvsymi612ni-python3-3.10.19",
              "default": true
            }
          ],
          "store_path": "/nix/store/pwvfcg4v8jzxykkysiw03xvsymi612ni-python3-3.10.19"
        },
        "x86_64-linux": {
          "outputs": [
            {
              "name": "out",
              "path": "/nix/store/y497kak0610kfdvswb0pjiaf5yq4d8zk-python3-3.10.19",
              "default": true
            },
            {
              "name": "debug",
              "path": "/nix/store/35g79gg5z6gqd8w0q1fvqkxaxvvxp3d2-python3-3.10.19-debug"
            }
          ],
          "store_path": "/nix/store/y497kak0610kfdvswb0pjiaf5yq4d8zk-python3-3.10.19"
        }
      }
    },
    "tilt@latest": {
      "last_modified": "2025-12-16T16:49:59Z",
      "resolved": "github:NixOS/nixpkgs/e8d16d2186d6ed9f047eb30948e97e7e01886d10#tilt",
      "source": "devbox-search",
      "version": "0.36.0",
      "systems": {
        "aarch64-darwin": {
          "outputs": [
            {
              "name": "out",
              "path": "/nix/store/2ac000v9ki4ai6vyl4h0f4flfgijx427-tilt-0.36.0",
              "default": true
            }
          ],
          "store_path": "/nix/store/2ac000v9ki4ai6vyl4h0f4flfgijx427-tilt-0.36.0"
        },
        "aarch64-linux": {
          "outputs": [
            {
              "name": "out",
              "path": "/nix/store/97rl3wg542qbzvlwb6pks3di8z5rwkji-tilt-0.36.0",
              "default": true
            }
          ],
          "store_path": "/nix/store/97rl3wg542qbzvlwb6pks3di8z5rwkji-tilt-0.36.0"
        },
        "x86_64-darwin": {
          "outputs": [
            {
              "name": "out",
              "path": "/nix/store/bka59akxjr1zg8zghmhmzrbkmd7h9rki-tilt-0.36.0",
              "default": true
            }
          ],
          "store_path": "/nix/store/bka59akxjr1zg8zghmhmzrbkmd7h9rki-tilt-0.36.0"
        },
        "x86_64-linux": {
          "outputs": [
            {
              "name": "out",
              "path": "/nix/store/h99wnhngj6s1vfw299gh5c5pin7qlc5f-tilt-0.36.0",
              "default": true
            }
          ],
          "store_path": "/nix/store/h99wnhngj6s1vfw299gh5c5pin7qlc5f-tilt-0.36.0"
        }
      }
    },
    "uv@latest": {
      "last_modified": "2025-12-18T02:44:17Z",
      "resolved": "github:NixOS/nixpkgs/def3da69945bbe338c373fddad5a1bb49cf199ce#uv",
      "source": "devbox-search",
      "version": "0.9.18",
      "systems": {
        "aarch64-darwin": {
          "outputs": [
            {
              "name": "out",
              "path": "/nix/store/8p7xc548qhrs4ns82bamyxnjm1h6w16s-uv-0.9.18",
              "default": true
            }
          ],
          "store_path": "/nix/store/8p7xc548qhrs4ns82bamyxnjm1h6w16s-uv-0.9.18"
        },
        "aarch64-linux": {
          "outputs": [
            {
              "name": "out",
              "path": "/nix/store/s2r0d03va9llzxbvjwd2ncpmn3nysnp6-uv-0.9.18",
              "default": true
            }
          ],
          "store_path": "/nix/store/s2r0d03va9llzxbvjwd2ncpmn3nysnp6-uv-0.9.18"
        },
        "x86_64-darwin": {
          "outputs": [
            {
              "name": "out",
              "path": "/nix/store/wz27b8hmvng619crzsfcdh9vywdakxa3-uv-0.9.18",
              "default": true
            }
          ],
          "store_path": "/nix/store/wz27b8hmvng619crzsfcdh9vywdakxa3-uv-0.9.18"
        },
        "x86_64-linux": {
          "outputs": [
            {
              "name": "out",
              "path": "/nix/store/hba3r60zyn9mcqp2s71qwv7rlkv3qskn-uv-0.9.18",
              "default": true
            }
          ],
          "store_path": "/nix/store/hba3r60zyn9mcqp2s71qwv7rlkv3qskn-uv-0.9.18"
        }
      }
    },
    "yq-go@latest": {
      "last_modified": "2025-12-15T04:22:15Z",
      "resolved": "github:NixOS/nixpkgs/09b8fda8959d761445f12b55f380d90375a1d6bb#yq-go",
      "source": "devbox-search",
      "version": "4.50.1",
      "systems": {
        "aarch64-darwin": {
          "outputs": [
            {
              "name": "out",
              "path": "/nix/store/3y3aq58bp35iwxlbkz3d91sph50wlmls-yq-go-4.50.1",
              "default": true
            }
          ],
          "store_path": "/nix/store/3y3aq58bp35iwxlbkz3d91sph50wlmls-yq-go-4.50.1"
        },
        "aarch64-linux": {
          "outputs": [
            {
              "name": "out",
              "path": "/nix/store/1yfc76bww15qsvsqmry8k9glkql2r0z0-yq-go-4.50.1",
              "default": true
            }
          ],
          "store_path": "/nix/store/1yfc76bww15qsvsqmry8k9glkql2r0z0-yq-go-4.50.1"
        },
        "x86_64-darwin": {
          "outputs": [
            {
              "name": "out",
              "path": "/nix/store/rmyvyk5shq34zpsc8g31d0q71k75izbr-yq-go-4.50.1",
              "default": true
            }
          ],
          "store_path": "/nix/store/rmyvyk5shq34zpsc8g31d0q71k75izbr-yq-go-4.50.1"
        },
        "x86_64-linux": {
          "outputs": [
            {
              "name": "out",
              "path": "/nix/store/q19pyndq69l2ca6vcazj0bjhzfpd1kyj-yq-go-4.50.1",
              "default": true
            }
          ],
          "store_path": "/nix/store/q19pyndq69l2ca6vcazj0bjhzfpd1kyj-yq-go-4.50.1"
        }
      }
    }
  }
}
